lockfileVersion: '9.0'

settings:
  autoInstallPeers: true
  excludeLinksFromLockfile: false

importers:

  .:
    dependencies:
      '@types/ws':
        specifier: ^8.18.1
        version: 8.18.1
      typescript:
        specifier: ^6.0.2
        version: 6.0.2
    devDependencies:
      '@types/bun':
        specifier: ^1.3.11
        version: 1.3.11
      arktype:
        specifier: ^2.2.0
        version: 2.2.0
      bun-plugin-dts:
        specifier: ^0.4.0
        version: 0.4.0
      marked:
        specifier: ^17.0.5
        version: 17.0.5
      memoirist:
        specifier: ^0.4.0
        version: 0.4.0
      oxlint:
        specifier: ^1.57.0
        version: 1.57.0
      prettier:
        specifier: ^3.8.1
        version: 3.8.1
      redis:
        specifier: ^5.11.0
        version: 5.11.0
      ws:
        specifier: ^8.20.0
        version: 8.20.0
      zod:
        specifier: ^4.3.6
        version: 4.3.6

packages:

  '@ark/schema@0.56.0':
    resolution: {integrity: sha512-ECg3hox/6Z/nLajxXqNhgPtNdHWC9zNsDyskwO28WinoFEnWow4IsERNz9AnXRhTZJnYIlAJ4uGn3nlLk65vZA==}

  '@ark/util@0.56.0':
    resolution: {integrity: sha512-BghfRC8b9pNs3vBoDJhcta0/c1J1rsoS1+HgVUreMFPdhz/CRAKReAu57YEllNaSy98rWAdY1gE+gFup7OXpgA==}

  '@oxlint/binding-android-arm-eabi@1.57.0':
    resolution: {integrity: sha512-C7EiyfAJG4B70496eV543nKiq5cH0o/xIh/ufbjQz3SIvHhlDDsyn+mRFh+aW8KskTyUpyH2LGWL8p2oN6bl1A==}
    engines: {node: ^20.19.0 || >=22.12.0}
    cpu: [arm]
    os: [android]

  '@oxlint/binding-android-arm64@1.57.0':
    resolution: {integrity: sha512-9i80AresjZ/FZf5xK8tKFbhQnijD4s1eOZw6/FHUwD59HEZbVLRc2C88ADYJfLZrF5XofWDiRX/Ja9KefCLy7w==}
    engines: {node: ^20.19.0 || >=22.12.0}
    cpu: [arm64]
    os: [android]

  '@oxlint/binding-darwin-arm64@1.57.0':
    resolution: {integrity: sha512-0eUfhRz5L2yKa9I8k3qpyl37XK3oBS5BvrgdVIx599WZK63P8sMbg+0s4IuxmIiZuBK68Ek+Z+gcKgeYf0otsg==}
    engines: {node: ^20.19.0 || >=22.12.0}
    cpu: [arm64]
    os: [darwin]

  '@oxlint/binding-darwin-x64@1.57.0':
    resolution: {integrity: sha512-UvrSuzBaYOue+QMAcuDITe0k/Vhj6KZGjfnI6x+NkxBTke/VoM7ZisaxgNY0LWuBkTnd1OmeQfEQdQ48fRjkQg==}
    engines: {node: ^20.19.0 || >=22.12.0}
    cpu: [x64]
    os: [darwin]

  '@oxlint/binding-freebsd-x64@1.57.0':
    resolution: {integrity: sha512-wtQq0dCoiw4bUwlsNVDJJ3pxJA218fOezpgtLKrbQqUtQJcM9yP8z+I9fu14aHg0uyAxIY+99toL6uBa2r7nxA==}
    engines: {node: ^20.19.0 || >=22.12.0}
    cpu: [x64]
    os: [freebsd]

  '@oxlint/binding-linux-arm-gnueabihf@1.57.0':
    resolution: {integrity: sha512-qxFWl2BBBFcT4djKa+OtMdnLgoHEJXpqjyGwz8OhW35ImoCwR5qtAGqApNYce5260FQqoAHW8S8eZTjiX67Tsg==}
    engines: {node: ^20.19.0 || >=22.12.0}
    cpu: [arm]
    os: [linux]

  '@oxlint/binding-linux-arm-musleabihf@1.57.0':
    resolution: {integrity: sha512-SQoIsBU7J0bDW15/f0/RvxHfY3Y0+eB/caKBQtNFbuerTiA6JCYx9P1MrrFTwY2dTm/lMgTSgskvCEYk2AtG/Q==}
    engines: {node: ^20.19.0 || >=22.12.0}
    cpu: [arm]
    os: [linux]

  '@oxlint/binding-linux-arm64-gnu@1.57.0':
    resolution: {integrity: sha512-jqxYd1W6WMeozsCmqe9Rzbu3SRrGTyGDAipRlRggetyYbUksJqJKvUNTQtZR/KFoJPb+grnSm5SHhdWrywv3RQ==}
    engines: {node: ^20.19.0 || >=22.12.0}
    cpu: [arm64]
    os: [linux]
    libc: [glibc]

  '@oxlint/binding-linux-arm64-musl@1.57.0':
    resolution: {integrity: sha512-i66WyEPVEvq9bxRUCJ/MP5EBfnTDN3nhwEdFZFTO5MmLLvzngfWEG3NSdXQzTT3vk5B9i6C2XSIYBh+aG6uqyg==}
    engines: {node: ^20.19.0 || >=22.12.0}
    cpu: [arm64]
    os: [linux]
    libc: [musl]

  '@oxlint/binding-linux-ppc64-gnu@1.57.0':
    resolution: {integrity: sha512-oMZDCwz4NobclZU3pH+V1/upVlJZiZvne4jQP+zhJwt+lmio4XXr4qG47CehvrW1Lx2YZiIHuxM2D4YpkG3KVA==}
    engines: {node: ^20.19.0 || >=22.12.0}
    cpu: [ppc64]
    os: [linux]
    libc: [glibc]

  '@oxlint/binding-linux-riscv64-gnu@1.57.0':
    resolution: {integrity: sha512-uoBnjJ3MMEBbfnWC1jSFr7/nSCkcQYa72NYoNtLl1imshDnWSolYCjzb8LVCwYCCfLJXD+0gBLD7fyC14c0+0g==}
    engines: {node: ^20.19.0 || >=22.12.0}
    cpu: [riscv64]
    os: [linux]
    libc: [glibc]

  '@oxlint/binding-linux-riscv64-musl@1.57.0':
    resolution: {integrity: sha512-BdrwD7haPZ8a9KrZhKJRSj6jwCor+Z8tHFZ3PT89Y3Jq5v3LfMfEePeAmD0LOTWpiTmzSzdmyw9ijneapiVHKQ==}
    engines: {node: ^20.19.0 || >=22.12.0}
    cpu: [riscv64]
    os: [linux]
    libc: [musl]

  '@oxlint/binding-linux-s390x-gnu@1.57.0':
    resolution: {integrity: sha512-BNs+7ZNsRstVg2tpNxAXfMX/Iv5oZh204dVyb8Z37+/gCh+yZqNTlg6YwCLIMPSk5wLWIGOaQjT0GUOahKYImw==}
    engines: {node: ^20.19.0 || >=22.12.0}
    cpu: [s390x]
    os: [linux]
    libc: [glibc]

  '@oxlint/binding-linux-x64-gnu@1.57.0':
    resolution: {integrity: sha512-AghS18w+XcENcAX0+BQGLiqjpqpaxKJa4cWWP0OWNLacs27vHBxu7TYkv9LUSGe5w8lOJHeMxcYfZNOAPqw2bg==}
    engines: {node: ^20.19.0 || >=22.12.0}
    cpu: [x64]
    os: [linux]
    libc: [glibc]

  '@oxlint/binding-linux-x64-musl@1.57.0':
    resolution: {integrity: sha512-E/FV3GB8phu/Rpkhz5T96hAiJlGzn91qX5yj5gU754P5cmVGXY1Jw/VSjDSlZBCY3VHjsVLdzgdkJaomEmcNOg==}
    engines: {node: ^20.19.0 || >=22.12.0}
    cpu: [x64]
    os: [linux]
    libc: [musl]

  '@oxlint/binding-openharmony-arm64@1.57.0':
    resolution: {integrity: sha512-xvZ2yZt0nUVfU14iuGv3V25jpr9pov5N0Wr28RXnHFxHCRxNDMtYPHV61gGLhN9IlXM96gI4pyYpLSJC5ClLCQ==}
    engines: {node: ^20.19.0 || >=22.12.0}
    cpu: [arm64]
    os: [openharmony]

  '@oxlint/binding-win32-arm64-msvc@1.57.0':
    resolution: {integrity: sha512-Z4D8Pd0AyHBKeazhdIXeUUy5sIS3Mo0veOlzlDECg6PhRRKgEsBJCCV1n+keUZtQ04OP+i7+itS3kOykUyNhDg==}
    engines: {node: ^20.19.0 || >=22.12.0}
    cpu: [arm64]
    os: [win32]

  '@oxlint/binding-win32-ia32-msvc@1.57.0':
    resolution: {integrity: sha512-StOZ9nFMVKvevicbQfql6Pouu9pgbeQnu60Fvhz2S6yfMaii+wnueLnqQ5I1JPgNF0Syew4voBlAaHD13wH6tw==}
    engines: {node: ^20.19.0 || >=22.12.0}
    cpu: [ia32]
    os: [win32]

  '@oxlint/binding-win32-x64-msvc@1.57.0':
    resolution: {integrity: sha512-6PuxhYgth8TuW0+ABPOIkGdBYw+qYGxgIdXPHSVpiCDm+hqTTWCmC739St1Xni0DJBt8HnSHTG67i1y6gr8qrA==}
    engines: {node: ^20.19.0 || >=22.12.0}
    cpu: [x64]
    os: [win32]

  '@redis/bloom@5.11.0':
    resolution: {integrity: sha512-KYiVilAhAFN3057afUb/tfYJpsEyTkQB+tQcn5gVVA7DgcNOAj8lLxe4j8ov8BF6I9C1Fe/kwlbuAICcTMX8Lw==}
    engines: {node: '>= 18'}
    peerDependencies:
      '@redis/client': ^5.11.0

  '@redis/client@5.11.0':
    resolution: {integrity: sha512-GHoprlNQD51Xq2Ztd94HHV94MdFZQ3CVrpA04Fz8MVoHM0B7SlbmPEVIjwTbcv58z8QyjnrOuikS0rWF03k5dQ==}
    engines: {node: '>= 18'}
    peerDependencies:
      '@node-rs/xxhash': ^1.1.0
    peerDependenciesMeta:
      '@node-rs/xxhash':
        optional: true

  '@redis/json@5.11.0':
    resolution: {integrity: sha512-1iAy9kAtcD0quB21RbPTbUqqy+T2Uu2JxucwE+B4A+VaDbIRvpZR6DMqV8Iqaws2YxJYB3GC5JVNzPYio2ErUg==}
    engines: {node: '>= 18'}
    peerDependencies:
      '@redis/client': ^5.11.0

  '@redis/search@5.11.0':
    resolution: {integrity: sha512-g1l7f3Rnyk/xI99oGHIgWHSKFl45Re5YTIcO8j/JE8olz389yUFyz2+A6nqVy/Zi031VgPDWscbbgOk8hlhZ3g==}
    engines: {node: '>= 18'}
    peerDependencies:
      '@redis/client': ^5.11.0

  '@redis/time-series@5.11.0':
    resolution: {integrity: sha512-TWFeOcU4xkj0DkndnOyhtxvX1KWD+78UHT3XX3x3XRBUGWeQrKo3jqzDsZwxbggUgf9yLJr/akFHXru66X5UQA==}
    engines: {node: '>= 18'}
    peerDependencies:
      '@redis/client': ^5.11.0

  '@types/bun@1.3.11':
    resolution: {integrity: sha512-5vPne5QvtpjGpsGYXiFyycfpDF2ECyPcTSsFBMa0fraoxiQyMJ3SmuQIGhzPg2WJuWxVBoxWJ2kClYTcw/4fAg==}

  '@types/node@25.5.0':
    resolution: {integrity: sha512-jp2P3tQMSxWugkCUKLRPVUpGaL5MVFwF8RDuSRztfwgN1wmqJeMSbKlnEtQqU8UrhTmzEmZdu2I6v2dpp7XIxw==}

  '@types/ws@8.18.1':
    resolution: {integrity: sha512-ThVF6DCVhA8kUGy+aazFQ4kXQ7E1Ty7A3ypFOe0IcJV8O/M511G99AW24irKrW56Wt44yG9+ij8FaqoBGkuBXg==}

  ansi-regex@5.0.1:
    resolution: {integrity: sha512-quJQXlTSUGL2LH9SUXo8VwsY4soanhgo6LNSm84E1LBcE8s3O0wpdiRzyR9z/ZZJMlMWv37qOOb9pdJlMUEKFQ==}
    engines: {node: '>=8'}

  ansi-styles@4.3.0:
    resolution: {integrity: sha512-zbB9rCJAT1rbjiVDb2hqKFHNYLxgtk8NURxZ3IZwD3F6NtxbXZQCnnSi1Lkx+IDohdPlFp222wVALIheZJQSEg==}
    engines: {node: '>=8'}

  arkregex@0.0.5:
    resolution: {integrity: sha512-ncYjBdLlh5/QnVsAA8De16Tc9EqmYM7y/WU9j+236KcyYNUXogpz3sC4ATIZYzzLxwI+0sEOaQLEmLmRleaEXw==}

  arktype@2.2.0:
    resolution: {integrity: sha512-t54MZ7ti5BhOEvzEkgKnWvqj+UbDfWig+DHr5I34xatymPusKLS0lQpNJd8M6DzmIto2QGszHfNKoFIT8tMCZQ==}

  bun-plugin-dts@0.4.0:
    resolution: {integrity: sha512-g/pHy9SuhnUw+E+bHnJvADOnnZlEIci3nvZY8EuQEMwkpC4V4Kmoa2nG9nfda4jmjj+0POlCRCjdqXrL9gjYtA==}

  bun-types@1.3.11:
    resolution: {integrity: sha512-1KGPpoxQWl9f6wcZh57LvrPIInQMn2TQ7jsgxqpRzg+l0QPOFvJVH7HmvHo/AiPgwXy+/Thf6Ov3EdVn1vOabg==}

  cliui@8.0.1:
    resolution: {integrity: sha512-BSeNnyus75C4//NQ9gQt1/csTXyo/8Sb+afLAkzAptFuMsod9HFokGNudZpi/oQV73hnVK+sR+5PVRMd+Dr7YQ==}
    engines: {node: '>=12'}

  cluster-key-slot@1.1.2:
    resolution: {integrity: sha512-RMr0FhtfXemyinomL4hrWcYJxmX6deFdCxpJzhDttxgO1+bcCnkk+9drydLVDmAMG7NE6aN/fl4F7ucU/90gAA==}
    engines: {node: '>=0.10.0'}

  color-convert@2.0.1:
    resolution: {integrity: sha512-RRECPsj7iu/xb5oKYcsFHSppFNnsj/52OVTRKb4zP5onXwVF3zVmmToNcOfGC+CRDpfK/U584fMg38ZHCaElKQ==}
    engines: {node: '>=7.0.0'}

  color-name@1.1.4:
    resolution: {integrity: sha512-dOy+3AuW3a2wNbZHIuMZpTcgjGuLU/uBL/ubcZF9OXbDo8ff4O8yVp5Bf0efS8uEoYo5q4Fx7dY9OgQGXgAsQA==}

  common-path-prefix@3.0.0:
    resolution: {integrity: sha512-QE33hToZseCH3jS0qN96O/bSh3kaw/h+Tq7ngyY9eWDUnTlTNUyqfqvCXioLe5Na5jFsL78ra/wuBU4iuEgd4w==}

  dts-bundle-generator@9.5.1:
    resolution: {integrity: sha512-DxpJOb2FNnEyOzMkG11sxO2dmxPjthoVWxfKqWYJ/bI/rT1rvTMktF5EKjAYrRZu6Z6t3NhOUZ0sZ5ZXevOfbA==}
    engines: {node: '>=14.0.0'}
    hasBin: true

  emoji-regex@8.0.0:
    resolution: {integrity: sha512-MSjYzcWNOA0ewAHpz0MxpYFvwg6yjy1NG3xteoqz644VCo/RPgnr1/GGt+ic3iJTzQ8Eu3TdM14SawnVUmGE6A==}

  escalade@3.2.0:
    resolution: {integrity: sha512-WUj2qlxaQtO4g6Pq5c29GTcWGDyd8itL8zTlipgECz3JesAiiOKotd8JU6otB3PACgG6xkJUyVhboMS+bje/jA==}
    engines: {node: '>=6'}

  get-caller-file@2.0.5:
    resolution: {integrity: sha512-DyFP3BM/3YHTQOCUL/w0OZHR0lpKeGrxotcHWcqNEdnltqFwXVfhEBQ94eIo34AfQpo0rGki4cyIiftY06h2Fg==}
    engines: {node: 6.* || 8.* || >= 10.*}

  get-tsconfig@4.13.7:
    resolution: {integrity: sha512-7tN6rFgBlMgpBML5j8typ92BKFi2sFQvIdpAqLA2beia5avZDrMs0FLZiM5etShWq5irVyGcGMEA1jcDaK7A/Q==}

  is-fullwidth-code-point@3.0.0:
    resolution: {integrity: sha512-zymm5+u+sCsSWyD9qNaejV3DFvhCKclKdizYaJUuHA83RLjb7nSuGnddCHGv0hk+KY7BMAlsWeK4Ueg6EV6XQg==}
    engines: {node: '>=8'}

  marked@17.0.5:
    resolution: {integrity: sha512-6hLvc0/JEbRjRgzI6wnT2P1XuM1/RrrDEX0kPt0N7jGm1133g6X7DlxFasUIx+72aKAr904GTxhSLDrd5DIlZg==}
    engines: {node: '>= 20'}
    hasBin: true

  memoirist@0.4.0:
    resolution: {integrity: sha512-zxTgA0mSYELa66DimuNQDvyLq36AwDlTuVRbnQtB+VuTcKWm5Qc4z3WkSpgsFWHNhexqkIooqpv4hdcqrX5Nmg==}

  oxlint@1.57.0:
    resolution: {integrity: sha512-DGFsuBX5MFZX9yiDdtKjTrYPq45CZ8Fft6qCltJITYZxfwYjVdGf/6wycGYTACloauwIPxUnYhBVeZbHvleGhw==}
    engines: {node: ^20.19.0 || >=22.12.0}
    hasBin: true
    peerDependencies:
      oxlint-tsgolint: '>=0.15.0'
    peerDependenciesMeta:
      oxlint-tsgolint:
        optional: true

  prettier@3.8.1:
    resolution: {integrity: sha512-UOnG6LftzbdaHZcKoPFtOcCKztrQ57WkHDeRD9t/PTQtmT0NHSeWWepj6pS0z/N7+08BHFDQVUrfmfMRcZwbMg==}
    engines: {node: '>=14'}
    hasBin: true

  redis@5.11.0:
    resolution: {integrity: sha512-YwXjATVDT+AuxcyfOwZn046aml9jMlQPvU1VXIlLDVAExe0u93aTfPYSeRgG4p9Q/Jlkj+LXJ1XEoFV+j2JKcQ==}
    engines: {node: '>= 18'}

  require-directory@2.1.1:
    resolution: {integrity: sha512-fGxEI7+wsG9xrvdjsrlmL22OMTTiHRwAMroiEeMgq8gzoLC/PQr7RsRDSTLUg/bZAZtF+TVIkHc6/4RIKrui+Q==}
    engines: {node: '>=0.10.0'}

  resolve-pkg-maps@1.0.0:
    resolution: {integrity: sha512-seS2Tj26TBVOC2NIc2rOe2y2ZO7efxITtLZcGSOnHHNOQ7CkiUBfw0Iw2ck6xkIhPwLhKNLS8BO+hEpngQlqzw==}

  string-width@4.2.3:
    resolution: {integrity: sha512-wKyQRQpjJ0sIp62ErSZdGsjMJWsap5oRNihHhu6G7JVO/9jIB6UyevL+tXuOqrng8j/cxKTWyWUwvSTriiZz/g==}
    engines: {node: '>=8'}

  strip-ansi@6.0.1:
    resolution: {integrity: sha512-Y38VPSHcqkFrCpFnQ9vuSXmquuv5oXOKpGeT6aGrr3o3Gc9AlVa6JBfUSOCnbxGGZF+/0ooI7KrPuUSztUdU5A==}
    engines: {node: '>=8'}

  typescript@6.0.2:
    resolution: {integrity: sha512-bGdAIrZ0wiGDo5l8c++HWtbaNCWTS4UTv7RaTH/ThVIgjkveJt83m74bBHMJkuCbslY8ixgLBVZJIOiQlQTjfQ==}
    engines: {node: '>=14.17'}
    hasBin: true

  undici-types@7.18.2:
    resolution: {integrity: sha512-AsuCzffGHJybSaRrmr5eHr81mwJU3kjw6M+uprWvCXiNeN9SOGwQ3Jn8jb8m3Z6izVgknn1R0FTCEAP2QrLY/w==}

  wrap-ansi@7.0.0:
    resolution: {integrity: sha512-YVGIj2kamLSTxw6NsZjoBxfSwsn0ycdesmc4p+Q21c5zPuZ1pl+NfxVdxPtdHvmNVOQ6XSYG4AUtyt/Fi7D16Q==}
    engines: {node: '>=10'}

  ws@8.20.0:
    resolution: {integrity: sha512-sAt8BhgNbzCtgGbt2OxmpuryO63ZoDk/sqaB/znQm94T4fCEsy/yV+7CdC1kJhOU9lboAEU7R3kquuycDoibVA==}
    engines: {node: '>=10.0.0'}
    peerDependencies:
      bufferutil: ^4.0.1
      utf-8-validate: '>=5.0.2'
    peerDependenciesMeta:
      bufferutil:
        optional: true
      utf-8-validate:
        optional: true

  y18n@5.0.8:
    resolution: {integrity: sha512-0pfFzegeDWJHJIAmTLRP2DwHjdF5s7jo9tuztdQxAhINCdvS+3nGINqPd00AphqJR/0LhANUS6/+7SCb98YOfA==}
    engines: {node: '>=10'}

  yargs-parser@21.1.1:
    resolution: {integrity: sha512-tVpsJW7DdjecAiFpbIB1e3qxIQsE6NoPc5/eTdrbbIC4h0LVsWhnoa3g+m2HclBIujHzsxZ4VJVA+GUuc2/LBw==}
    engines: {node: '>=12'}

  yargs@17.7.2:
    resolution: {integrity: sha512-7dSzzRQ++CKnNI/krKnYRV7JKKPUXMEh61soaHKg9mrWEhzFWhFnxPxGl+69cD1Ou63C13NUPCnmIcrvqCuM6w==}
    engines: {node: '>=12'}

  zod@4.3.6:
    resolution: {integrity: sha512-rftlrkhHZOcjDwkGlnUtZZkvaPHCsDATp4pGpuOOMDaTdDDXF91wuVDJoWoPsKX/3YPQ5fHuF3STjcYyKr+Qhg==}

snapshots:

  '@ark/schema@0.56.0':
    dependencies:
      '@ark/util': 0.56.0

  '@ark/util@0.56.0': {}

  '@oxlint/binding-android-arm-eabi@1.57.0':
    optional: true

  '@oxlint/binding-android-arm64@1.57.0':
    optional: true

  '@oxlint/binding-darwin-arm64@1.57.0':
    optional: true

  '@oxlint/binding-darwin-x64@1.57.0':
    optional: true

  '@oxlint/binding-freebsd-x64@1.57.0':
    optional: true

  '@oxlint/binding-linux-arm-gnueabihf@1.57.0':
    optional: true

  '@oxlint/binding-linux-arm-musleabihf@1.57.0':
    optional: true

  '@oxlint/binding-linux-arm64-gnu@1.57.0':
    optional: true

  '@oxlint/binding-linux-arm64-musl@1.57.0':
    optional: true

  '@oxlint/binding-linux-ppc64-gnu@1.57.0':
    optional: true

  '@oxlint/binding-linux-riscv64-gnu@1.57.0':
    optional: true

  '@oxlint/binding-linux-riscv64-musl@1.57.0':
    optional: true

  '@oxlint/binding-linux-s390x-gnu@1.57.0':
    optional: true

  '@oxlint/binding-linux-x64-gnu@1.57.0':
    optional: true

  '@oxlint/binding-linux-x64-musl@1.57.0':
    optional: true

  '@oxlint/binding-openharmony-arm64@1.57.0':
    optional: true

  '@oxlint/binding-win32-arm64-msvc@1.57.0':
    optional: true

  '@oxlint/binding-win32-ia32-msvc@1.57.0':
    optional: true

  '@oxlint/binding-win32-x64-msvc@1.57.0':
    optional: true

  '@redis/bloom@5.11.0(@redis/client@5.11.0)':
    dependencies:
      '@redis/client': 5.11.0

  '@redis/client@5.11.0':
    dependencies:
      cluster-key-slot: 1.1.2

  '@redis/json@5.11.0(@redis/client@5.11.0)':
    dependencies:
      '@redis/client': 5.11.0

  '@redis/search@5.11.0(@redis/client@5.11.0)':
    dependencies:
      '@redis/client': 5.11.0

  '@redis/time-series@5.11.0(@redis/client@5.11.0)':
    dependencies:
      '@redis/client': 5.11.0

  '@types/bun@1.3.11':
    dependencies:
      bun-types: 1.3.11

  '@types/node@25.5.0':
    dependencies:
      undici-types: 7.18.2

  '@types/ws@8.18.1':
    dependencies:
      '@types/node': 25.5.0

  ansi-regex@5.0.1: {}

  ansi-styles@4.3.0:
    dependencies:
      color-convert: 2.0.1

  arkregex@0.0.5:
    dependencies:
      '@ark/util': 0.56.0

  arktype@2.2.0:
    dependencies:
      '@ark/schema': 0.56.0
      '@ark/util': 0.56.0
      arkregex: 0.0.5

  bun-plugin-dts@0.4.0:
    dependencies:
      common-path-prefix: 3.0.0
      dts-bundle-generator: 9.5.1
      get-tsconfig: 4.13.7

  bun-types@1.3.11:
    dependencies:
      '@types/node': 25.5.0

  cliui@8.0.1:
    dependencies:
      string-width: 4.2.3
      strip-ansi: 6.0.1
      wrap-ansi: 7.0.0

  cluster-key-slot@1.1.2: {}

  color-convert@2.0.1:
    dependencies:
      color-name: 1.1.4

  color-name@1.1.4: {}

  common-path-prefix@3.0.0: {}

  dts-bundle-generator@9.5.1:
    dependencies:
      typescript: 6.0.2
      yargs: 17.7.2

  emoji-regex@8.0.0: {}

  escalade@3.2.0: {}

  get-caller-file@2.0.5: {}

  get-tsconfig@4.13.7:
    dependencies:
      resolve-pkg-maps: 1.0.0

  is-fullwidth-code-point@3.0.0: {}

  marked@17.0.5: {}

  memoirist@0.4.0: {}

  oxlint@1.57.0:
    optionalDependencies:
      '@oxlint/binding-android-arm-eabi': 1.57.0
      '@oxlint/binding-android-arm64': 1.57.0
      '@oxlint/binding-darwin-arm64': 1.57.0
      '@oxlint/binding-darwin-x64': 1.57.0
      '@oxlint/binding-freebsd-x64': 1.57.0
      '@oxlint/binding-linux-arm-gnueabihf': 1.57.0
      '@oxlint/binding-linux-arm-musleabihf': 1.57.0
      '@oxlint/binding-linux-arm64-gnu': 1.57.0
      '@oxlint/binding-linux-arm64-musl': 1.57.0
      '@oxlint/binding-linux-ppc64-gnu': 1.57.0
      '@oxlint/binding-linux-riscv64-gnu': 1.57.0
      '@oxlint/binding-linux-riscv64-musl': 1.57.0
      '@oxlint/binding-linux-s390x-gnu': 1.57.0
      '@oxlint/binding-linux-x64-gnu': 1.57.0
      '@oxlint/binding-linux-x64-musl': 1.57.0
      '@oxlint/binding-openharmony-arm64': 1.57.0
      '@oxlint/binding-win32-arm64-msvc': 1.57.0
      '@oxlint/binding-win32-ia32-msvc': 1.57.0
      '@oxlint/binding-win32-x64-msvc': 1.57.0

  prettier@3.8.1: {}

  redis@5.11.0:
    dependencies:
      '@redis/bloom': 5.11.0(@redis/client@5.11.0)
      '@redis/client': 5.11.0
      '@redis/json': 5.11.0(@redis/client@5.11.0)
      '@redis/search': 5.11.0(@redis/client@5.11.0)
      '@redis/time-series': 5.11.0(@redis/client@5.11.0)
    transitivePeerDependencies:
      - '@node-rs/xxhash'

  require-directory@2.1.1: {}

  resolve-pkg-maps@1.0.0: {}

  string-width@4.2.3:
    dependencies:
      emoji-regex: 8.0.0
      is-fullwidth-code-point: 3.0.0
      strip-ansi: 6.0.1

  strip-ansi@6.0.1:
    dependencies:
      ansi-regex: 5.0.1

  typescript@6.0.2: {}

  undici-types@7.18.2: {}

  wrap-ansi@7.0.0:
    dependencies:
      ansi-styles: 4.3.0
      string-width: 4.2.3
      strip-ansi: 6.0.1

  ws@8.20.0: {}

  y18n@5.0.8: {}

  yargs-parser@21.1.1: {}

  yargs@17.7.2:
    dependencies:
      cliui: 8.0.1
      escalade: 3.2.0
      get-caller-file: 2.0.5
      require-directory: 2.1.1
      string-width: 4.2.3
      y18n: 5.0.8
      yargs-parser: 21.1.1

  zod@4.3.6: {}
